
Microsoft Visual Studio Solution File, Format Version 12.00
# Visual Studio Version 16
VisualStudioVersion = 16.0.30711.63
MinimumVisualStudioVersion = 10.0.40219.1
Project("{9A19103F-16F7-4668-BE54-9A1E7A4F7556}") = "TwetterApi", "TwetterApi\TwetterApi.csproj", "{D0643158-D535-4E71-86F5-8ADE4EA4E592}"
EndProject
Global
	GlobalSection(SolutionConfigurationPlatforms) = preSolution
		Debug|Any CPU = Debug|Any CPU
		Release|Any CPU = Release|Any CPU
	EndGlobalSection
	GlobalSection(ProjectConfigurationPlatforms) = postSolution
		{D0643158-D535-4E71-86F5-8ADE4EA4E592}.Debug|Any CPU.ActiveCfg = Debug|Any CPU
		{D0643158-D535-4E71-86F5-8ADE4EA4E592}.Debug|Any CPU.Build.0 = Debug|Any CPU
		{D0643158-D535-4E71-86F5-8ADE4EA4E592}.Release|Any CPU.ActiveCfg = Release|Any CPU
		{D0643158-D535-4E71-86F5-8ADE4EA4E592}.Release|Any CPU.Build.0 = Release|Any CPU
	EndGlobalSection
	GlobalSection(SolutionProperties) = preSolution
		HideSolutionNode = FALSE
	EndGlobalSection
	GlobalSection(ExtensibilityGlobals) = postSolution
		SolutionGuid = {2C469F0A-36C7-4162-B0B2-B97EBE199ECE}
	EndGlobalSection
EndGlobal
